// !$*UTF8*$!
{
	archiveVersion = 1;
	classes = {
	};
	objectVersion = 46;
	objects = {

/* Begin PBXBuildFile section */
		1A1B60171ED826CF000D488A /* songAPI.swift in Sources */ = {isa = PBXBuildFile; fileRef = 1A1B60161ED826CF000D488A /* songAPI.swift */; };
		1A1B601C1ED83460000D488A /* SongModel.swift in Sources */ = {isa = PBXBuildFile; fileRef = 1A1B601B1ED83460000D488A /* SongModel.swift */; };
		1A1B601F1ED909ED000D488A /* navigationcontroller.swift in Sources */ = {isa = PBXBuildFile; fileRef = 1A1B601E1ED909ED000D488A /* navigationcontroller.swift */; };
		1A1B60211ED90BAA000D488A /* tabbarcontroller.swift in Sources */ = {isa = PBXBuildFile; fileRef = 1A1B60201ED90BAA000D488A /* tabbarcontroller.swift */; };
		1A1B60241ED90C5F000D488A /* tableViewController.swift in Sources */ = {isa = PBXBuildFile; fileRef = 1A1B60231ED90C5F000D488A /* tableViewController.swift */; };
		1A1B60271ED9152A000D488A /* musicListTableviewcontroller.swift in Sources */ = {isa = PBXBuildFile; fileRef = 1A1B60261ED9152A000D488A /* musicListTableviewcontroller.swift */; };
		1A1B602A1ED9166D000D488A /* musicListCell.swift in Sources */ = {isa = PBXBuildFile; fileRef = 1A1B60291ED9166D000D488A /* musicListCell.swift */; };
		1A1B602C1ED93D7C000D488A /* downloadCell.swift in Sources */ = {isa = PBXBuildFile; fileRef = 1A1B602B1ED93D7C000D488A /* downloadCell.swift */; };
		1A34C3ED1ED8118C002EA9E2 /* AppDelegate.swift in Sources */ = {isa = PBXBuildFile; fileRef = 1A34C3EC1ED8118C002EA9E2 /* AppDelegate.swift */; };
		1A34C3EF1ED8118C002EA9E2 /* ViewController.swift in Sources */ = {isa = PBXBuildFile; fileRef = 1A34C3EE1ED8118C002EA9E2 /* ViewController.swift */; };
		1A34C3F21ED8118C002EA9E2 /* Main.storyboard in Resources */ = {isa = PBXBuildFile; fileRef = 1A34C3F01ED8118C002EA9E2 /* Main.storyboard */; };
		1A34C3F41ED8118C002EA9E2 /* Assets.xcassets in Resources */ = {isa = PBXBuildFile; fileRef = 1A34C3F31ED8118C002EA9E2 /* Assets.xcassets */; };
		1A34C3F71ED8118C002EA9E2 /* LaunchScreen.storyboard in Resources */ = {isa = PBXBuildFile; fileRef = 1A34C3F51ED8118C002EA9E2 /* LaunchScreen.storyboard */; };
		1A34C4001ED81911002EA9E2 /* congfig.swift in Sources */ = {isa = PBXBuildFile; fileRef = 1A34C3FF1ED81911002EA9E2 /* congfig.swift */; };
		A4E3BD4434EC010A012861FE /* Pods_Music_player_Ljm.framework in Frameworks */ = {isa = PBXBuildFile; fileRef = 24A2ACEFCF5DDFE2208E67AC /* Pods_Music_player_Ljm.framework */; };
/* End PBXBuildFile section */

/* Begin PBXFileReference section */
		1A1B60161ED826CF000D488A /* songAPI.swift */ = {isa = PBXFileReference; fileEncoding = 4; lastKnownFileType = sourcecode.swift; path = songAPI.swift; sourceTree = "<group>"; };
		1A1B601B1ED83460000D488A /* SongModel.swift */ = {isa = PBXFileReference; fileEncoding = 4; lastKnownFileType = sourcecode.swift; path = SongModel.swift; sourceTree = "<group>"; };
		1A1B601E1ED909ED000D488A /* navigationcontroller.swift */ = {isa = PBXFileReference; fileEncoding = 4; lastKnownFileType = sourcecode.swift; path = navigationcontroller.swift; sourceTree = "<group>"; };
		1A1B60201ED90BAA000D488A /* tabbarcontroller.swift */ = {isa = PBXFileReference; fileEncoding = 4; lastKnownFileType = sourcecode.swift; path = tabbarcontroller.swift; sourceTree = "<group>"; };
		1A1B60231ED90C5F000D488A /* tableViewController.swift */ = {isa = PBXFileReference; fileEncoding = 4; lastKnownFileType = sourcecode.swift; path = tableViewController.swift; sourceTree = "<group>"; };
		1A1B60261ED9152A000D488A /* musicListTableviewcontroller.swift */ = {isa = PBXFileReference; fileEncoding = 4; lastKnownFileType = sourcecode.swift; path = musicListTableviewcontroller.swift; sourceTree = "<group>"; };
		1A1B60291ED9166D000D488A /* musicListCell.swift */ = {isa = PBXFileReference; fileEncoding = 4; lastKnownFileType = sourcecode.swift; path = musicListCell.swift; sourceTree = "<group>"; };
		1A1B602B1ED93D7C000D488A /* downloadCell.swift */ = {isa = PBXFileReference; fileEncoding = 4; lastKnownFileType = sourcecode.swift; path = downloadCell.swift; sourceTree = "<group>"; };
		1A34C3E91ED8118C002EA9E2 /* Music player Ljm.app */ = {isa = PBXFileReference; explicitFileType = wrapper.application; includeInIndex = 0; path = "Music player Ljm.app"; sourceTree = BUILT_PRODUCTS_DIR; };
		1A34C3EC1ED8118C002EA9E2 /* AppDelegate.swift */ = {isa = PBXFileReference; lastKnownFileType = sourcecode.swift; path = AppDelegate.swift; sourceTree = "<group>"; };
		1A34C3EE1ED8118C002EA9E2 /* ViewController.swift */ = {isa = PBXFileReference; lastKnownFileType = sourcecode.swift; path = ViewController.swift; sourceTree = "<group>"; };
		1A34C3F11ED8118C002EA9E2 /* Base */ = {isa = PBXFileReference; lastKnownFileType = file.storyboard; name = Base; path = Base.lproj/Main.storyboard; sourceTree = "<group>"; };
		1A34C3F31ED8118C002EA9E2 /* Assets.xcassets */ = {isa = PBXFileReference; lastKnownFileType = folder.assetcatalog; path = Assets.xcassets; sourceTree = "<group>"; };
		1A34C3F61ED8118C002EA9E2 /* Base */ = {isa = PBXFileReference; lastKnownFileType = file.storyboard; name = Base; path = Base.lproj/LaunchScreen.storyboard; sourceTree = "<group>"; };
		1A34C3F81ED8118C002EA9E2 /* Info.plist */ = {isa = PBXFileReference; lastKnownFileType = text.plist.xml; path = Info.plist; sourceTree = "<group>"; };
		1A34C3FF1ED81911002EA9E2 /* congfig.swift */ = {isa = PBXFileReference; fileEncoding = 4; lastKnownFileType = sourcecode.swift; path = congfig.swift; sourceTree = "<group>"; };
		24A2ACEFCF5DDFE2208E67AC /* Pods_Music_player_Ljm.framework */ = {isa = PBXFileReference; explicitFileType = wrapper.framework; includeInIndex = 0; path = Pods_Music_player_Ljm.framework; sourceTree = BUILT_PRODUCTS_DIR; };
		5BC4A63164126B8128652177 /* Pods-Music player Ljm.release.xcconfig */ = {isa = PBXFileReference; includeInIndex = 1; lastKnownFileType = text.xcconfig; name = "Pods-Music player Ljm.release.xcconfig"; path = "Pods/Target Support Files/Pods-Music player Ljm/Pods-Music player Ljm.release.xcconfig"; sourceTree = "<group>"; };
		FC0144FE5B83DF5DCDA507AD /* Pods-Music player Ljm.debug.xcconfig */ = {isa = PBXFileReference; includeInIndex = 1; lastKnownFileType = text.xcconfig; name = "Pods-Music player Ljm.debug.xcconfig"; path = "Pods/Target Support Files/Pods-Music player Ljm/Pods-Music player Ljm.debug.xcconfig"; sourceTree = "<group>"; };
/* End PBXFileReference section */

/* Begin PBXFrameworksBuildPhase section */
		1A34C3E61ED8118C002EA9E2 /* Frameworks */ = {
			isa = PBXFrameworksBuildPhase;
			buildActionMask = 2147483647;
			files = (
				A4E3BD4434EC010A012861FE /* Pods_Music_player_Ljm.framework in Frameworks */,
			);
			runOnlyForDeploymentPostprocessing = 0;
		};
/* End PBXFrameworksBuildPhase section */

/* Begin PBXGroup section */
		165AC650B83C9938134ED508 /* Pods */ = {
			isa = PBXGroup;
			children = (
				FC0144FE5B83DF5DCDA507AD /* Pods-Music player Ljm.debug.xcconfig */,
				5BC4A63164126B8128652177 /* Pods-Music player Ljm.release.xcconfig */,
			);
			name = Pods;
			sourceTree = "<group>";
		};
		1A1B60181ED83297000D488A /* model */ = {
			isa = PBXGroup;
			children = (
				1A1B601B1ED83460000D488A /* SongModel.swift */,
			);
			name = model;
			sourceTree = "<group>";
		};
		1A1B601D1ED90995000D488A /* ViewController */ = {
			isa = PBXGroup;
			children = (
				1A1B60251ED91475000D488A /* musicList */,
				1A1B60221ED90C35000D488A /* download */,
				1A1B601E1ED909ED000D488A /* navigationcontroller.swift */,
				1A1B60201ED90BAA000D488A /* tabbarcontroller.swift */,
			);
			name = ViewController;
			sourceTree = "<group>";
		};
		1A1B60221ED90C35000D488A /* download */ = {
			isa = PBXGroup;
			children = (
				1A1B60231ED90C5F000D488A /* tableViewController.swift */,
			);
			name = download;
			sourceTree = "<group>";
		};
		1A1B60251ED91475000D488A /* musicList */ = {
			isa = PBXGroup;
			children = (
				1A1B60261ED9152A000D488A /* musicListTableviewcontroller.swift */,
			);
			name = musicList;
			sourceTree = "<group>";
		};
		1A1B60281ED9164F000D488A /* view */ = {
			isa = PBXGroup;
			children = (
				1A1B60291ED9166D000D488A /* musicListCell.swift */,
				1A1B602B1ED93D7C000D488A /* downloadCell.swift */,
			);
			name = view;
			sourceTree = "<group>";
		};
		1A34C3E01ED8118C002EA9E2 = {
			isa = PBXGroup;
			children = (
				1A34C3EB1ED8118C002EA9E2 /* Music player Ljm */,
				1A34C3EA1ED8118C002EA9E2 /* Products */,
				165AC650B83C9938134ED508 /* Pods */,
				7CF3217F57842B3722370CA3 /* Frameworks */,
			);
			sourceTree = "<group>";
		};
		1A34C3EA1ED8118C002EA9E2 /* Products */ = {
			isa = PBXGroup;
			children = (
				1A34C3E91ED8118C002EA9E2 /* Music player Ljm.app */,
			);
			name = Products;
			sourceTree = "<group>";
		};
		1A34C3EB1ED8118C002EA9E2 /* Music player Ljm */ = {
			isa = PBXGroup;
			children = (
				1A1B60281ED9164F000D488A /* view */,
				1A1B601D1ED90995000D488A /* ViewController */,
				1A34C3EC1ED8118C002EA9E2 /* AppDelegate.swift */,
				1A1B60181ED83297000D488A /* model */,
				1A34C3FE1ED818DB002EA9E2 /* config */,
				1A34C3EE1ED8118C002EA9E2 /* ViewController.swift */,
				1A34C3F01ED8118C002EA9E2 /* Main.storyboard */,
				1A34C3F31ED8118C002EA9E2 /* Assets.xcassets */,
				1A34C3F51ED8118C002EA9E2 /* LaunchScreen.storyboard */,
				1A34C3F81ED8118C002EA9E2 /* Info.plist */,
			);
			path = "Music player Ljm";
			sourceTree = "<group>";
		};
		1A34C3FE1ED818DB002EA9E2 /* config */ = {
			isa = PBXGroup;
			children = (
				1A34C3FF1ED81911002EA9E2 /* congfig.swift */,
				1A1B60161ED826CF000D488A /* songAPI.swift */,
			);
			name = config;
			sourceTree = "<group>";
		};
		7CF3217F57842B3722370CA3 /* Frameworks */ = {
			isa = PBXGroup;
			children = (
				24A2ACEFCF5DDFE2208E67AC /* Pods_Music_player_Ljm.framework */,
			);
			name = Frameworks;
			sourceTree = "<group>";
		};
/* End PBXGroup section */

/* Begin PBXNativeTarget section */
		1A34C3E81ED8118C002EA9E2 /* Music player Ljm */ = {
			isa = PBXNativeTarget;
			buildConfigurationList = 1A34C3FB1ED8118C002EA9E2 /* Build configuration list for PBXNativeTarget "Music player Ljm" */;
			buildPhases = (
				BD995DADDFE30A2892111CF6 /* [CP] Check Pods Manifest.lock */,
				1A34C3E51ED8118C002EA9E2 /* Sources */,
				1A34C3E61ED8118C002EA9E2 /* Frameworks */,
				1A34C3E71ED8118C002EA9E2 /* Resources */,
				0652B17B82088D3A9390EEB1 /* [CP] Embed Pods Frameworks */,
				FBA861018440C6ACAA865B21 /* [CP] Copy Pods Resources */,
			);
			buildRules = (
			);
			dependencies = (
			);
			name = "Music player Ljm";
			productName = "Music player Ljm";
			productReference = 1A34C3E91ED8118C002EA9E2 /* Music player Ljm.app */;
			productType = "com.apple.product-type.application";
		};
/* End PBXNativeTarget section */

/* Begin PBXProject section */
		1A34C3E11ED8118C002EA9E2 /* Project object */ = {
			isa = PBXProject;
			attributes = {
				LastSwiftUpdateCheck = 0830;
				LastUpgradeCheck = 0830;
				ORGANIZATIONNAME = ljm;
				TargetAttributes = {
					1A34C3E81ED8118C002EA9E2 = {
						CreatedOnToolsVersion = 8.3.2;
						DevelopmentTeam = 2PC8J9MPF4;
						ProvisioningStyle = Automatic;
					};
				};
			};
			buildConfigurationList = 1A34C3E41ED8118C002EA9E2 /* Build configuration list for PBXProject "Music player Ljm" */;
			compatibilityVersion = "Xcode 3.2";
			developmentRegion = English;
			hasScannedForEncodings = 0;
			knownRegions = (
				en,
				Base,
			);
			mainGroup = 1A34C3E01ED8118C002EA9E2;
			productRefGroup = 1A34C3EA1ED8118C002EA9E2 /* Products */;
			projectDirPath = "";
			projectRoot = "";
			targets = (
				1A34C3E81ED8118C002EA9E2 /* Music player Ljm */,
			);
		};
/* End PBXProject section */

/* Begin PBXResourcesBuildPhase section */
		1A34C3E71ED8118C002EA9E2 /* Resources */ = {
			isa = PBXResourcesBuildPhase;
			buildActionMask = 2147483647;
			files = (
				1A34C3F71ED8118C002EA9E2 /* LaunchScreen.storyboard in Resources */,
				1A34C3F41ED8118C002EA9E2 /* Assets.xcassets in Resources */,
				1A34C3F21ED8118C002EA9E2 /* Main.storyboard in Resources */,
			);
			runOnlyForDeploymentPostprocessing = 0;
		};
/* End PBXResourcesBuildPhase section */

/* Begin PBXShellScriptBuildPhase section */
		0652B17B82088D3A9390EEB1 /* [CP] Embed Pods Frameworks */ = {
			isa = PBXShellScriptBuildPhase;
			buildActionMask = 2147483647;
			files = (
			);
			inputPaths = (
			);
			name = "[CP] Embed Pods Frameworks";
			outputPaths = (
			);
			runOnlyForDeploymentPostprocessing = 0;
			shellPath = /bin/sh;
			shellScript = "\"${SRCROOT}/Pods/Target Support Files/Pods-Music player Ljm/Pods-Music player Ljm-frameworks.sh\"\n";
			showEnvVarsInLog = 0;
		};
		BD995DADDFE30A2892111CF6 /* [CP] Check Pods Manifest.lock */ = {
			isa = PBXShellScriptBuildPhase;
			buildActionMask = 2147483647;
			files = (
			);
			inputPaths = (
			);
			name = "[CP] Check Pods Manifest.lock";
			outputPaths = (
			);
			runOnlyForDeploymentPostprocessing = 0;
			shellPath = /bin/sh;
			shellScript = "diff \"${PODS_ROOT}/../Podfile.lock\" \"${PODS_ROOT}/Manifest.lock\" > /dev/null\nif [ $? != 0 ] ; then\n    # print error to STDERR\n    echo \"error: The sandbox is not in sync with the Podfile.lock. Run 'pod install' or update your CocoaPods installation.\" >&2\n    exit 1\nfi\n";
			showEnvVarsInLog = 0;
		};
		FBA861018440C6ACAA865B21 /* [CP] Copy Pods Resources */ = {
			isa = PBXShellScriptBuildPhase;
			buildActionMask = 2147483647;
			files = (
			);
			inputPaths = (
			);
			name = "[CP] Copy Pods Resources";
			outputPaths = (
			);
			runOnlyForDeploymentPostprocessing = 0;
			shellPath = /bin/sh;
			shellScript = "\"${SRCROOT}/Pods/Target Support Files/Pods-Music player Ljm/Pods-Music player Ljm-resources.sh\"\n";
			showEnvVarsInLog = 0;
		};
/* End PBXShellScriptBuildPhase section */

/* Begin PBXSourcesBuildPhase section */
		1A34C3E51ED8118C002EA9E2 /* Sources */ = {
			isa = PBXSourcesBuildPhase;
			buildActionMask = 2147483647;
			files = (
				1A1B601C1ED83460000D488A /* SongModel.swift in Sources */,
				1A34C3EF1ED8118C002EA9E2 /* ViewController.swift in Sources */,
				1A1B60171ED826CF000D488A /* songAPI.swift in Sources */,
				1A1B602A1ED9166D000D488A /* musicListCell.swift in Sources */,
				1A1B60241ED90C5F000D488A /* tableViewController.swift in Sources */,
				1A1B601F1ED909ED000D488A /* navigationcontroller.swift in Sources */,
				1A34C4001ED81911002EA9E2 /* congfig.swift in Sources */,
				1A1B602C1ED93D7C000D488A /* downloadCell.swift in Sources */,
				1A1B60211ED90BAA000D488A /* tabbarcontroller.swift in Sources */,
				1A1B60271ED9152A000D488A /* musicListTableviewcontroller.swift in Sources */,
				1A34C3ED1ED8118C002EA9E2 /* AppDelegate.swift in Sources */,
			);
			runOnlyForDeploymentPostprocessing = 0;
		};
/* End PBXSourcesBuildPhase section */

/* Begin PBXVariantGroup section */
		1A34C3F01ED8118C002EA9E2 /* Main.storyboard */ = {
			isa = PBXVariantGroup;
			children = (
				1A34C3F11ED8118C002EA9E2 /* Base */,
			);
			name = Main.storyboard;
			sourceTree = "<group>";
		};
		1A34C3F51ED8118C002EA9E2 /* LaunchScreen.storyboard */ = {
			isa = PBXVariantGroup;
			children = (
				1A34C3F61ED8118C002EA9E2 /* Base */,
			);
			name = LaunchScreen.storyboard;
			sourceTree = "<group>";
		};
/* End PBXVariantGroup section */

/* Begin XCBuildConfiguration section */
		1A34C3F91ED8118C002EA9E2 /* Debug */ = {
			isa = XCBuildConfiguration;
			buildSettings = {
				ALWAYS_SEARCH_USER_PATHS = NO;
				CLANG_ANALYZER_NONNULL = YES;
				CLANG_ANALYZER_NUMBER_OBJECT_CONVERSION = YES_AGGRESSIVE;
				CLANG_CXX_LANGUAGE_STANDARD = "gnu++0x";
				CLANG_CXX_LIBRARY = "libc++";
				CLANG_ENABLE_MODULES = YES;
				CLANG_ENABLE_OBJC_ARC = YES;
				CLANG_WARN_BOOL_CONVERSION = YES;
				CLANG_WARN_CONSTANT_CONVERSION = YES;
				CLANG_WARN_DIRECT_OBJC_ISA_USAGE = YES_ERROR;
				CLANG_WARN_DOCUMENTATION_COMMENTS = YES;
				CLANG_WARN_EMPTY_BODY = YES;
				CLANG_WARN_ENUM_CONVERSION = YES;
				CLANG_WARN_INFINITE_RECURSION = YES;
				CLANG_WARN_INT_CONVERSION = YES;
				CLANG_WARN_OBJC_ROOT_CLASS = YES_ERROR;
				CLANG_WARN_SUSPICIOUS_MOVE = YES;
				CLANG_WARN_UNREACHABLE_CODE = YES;
				CLANG_WARN__DUPLICATE_METHOD_MATCH = YES;
				"CODE_SIGN_IDENTITY[sdk=iphoneos*]" = "iPhone Developer";
				COPY_PHASE_STRIP = NO;
				DEBUG_INFORMATION_FORMAT = dwarf;
				ENABLE_STRICT_OBJC_MSGSEND = YES;
				ENABLE_TESTABILITY = YES;
				GCC_C_LANGUAGE_STANDARD = gnu99;
				GCC_DYNAMIC_NO_PIC = NO;
				GCC_NO_COMMON_BLOCKS = YES;
				GCC_OPTIMIZATION_LEVEL = 0;
				GCC_PREPROCESSOR_DEFINITIONS = (
					"DEBUG=1",
					"$(inherited)",
				);
				GCC_WARN_64_TO_32_BIT_CONVERSION = YES;
				GCC_WARN_ABOUT_RETURN_TYPE = YES_ERROR;
				GCC_WARN_UNDECLARED_SELECTOR = YES;
				GCC_WARN_UNINITIALIZED_AUTOS = YES_AGGRESSIVE;
				GCC_WARN_UNUSED_FUNCTION = YES;
				GCC_WARN_UNUSED_VARIABLE = YES;
				IPHONEOS_DEPLOYMENT_TARGET = 10.3;
				MTL_ENABLE_DEBUG_INFO = YES;
				ONLY_ACTIVE_ARCH = YES;
				SDKROOT = iphoneos;
				SWIFT_ACTIVE_COMPILATION_CONDITIONS = DEBUG;
				SWIFT_OPTIMIZATION_LEVEL = "-Onone";
				TARGETED_DEVICE_FAMILY = "1,2";
			};
			name = Debug;
		};
		1A34C3FA1ED8118C002EA9E2 /* Release */ = {
			isa = XCBuildConfiguration;
			buildSettings = {
				ALWAYS_SEARCH_USER_PATHS = NO;
				CLANG_ANALYZER_NONNULL = YES;
				CLANG_ANALYZER_NUMBER_OBJECT_CONVERSION = YES_AGGRESSIVE;
				CLANG_CXX_LANGUAGE_STANDARD = "gnu++0x";
				CLANG_CXX_LIBRARY = "libc++";
				CLANG_ENABLE_MODULES = YES;
				CLANG_ENABLE_OBJC_ARC = YES;
				CLANG_WARN_BOOL_CONVERSION = YES;
				CLANG_WARN_CONSTANT_CONVERSION = YES;
				CLANG_WARN_DIRECT_OBJC_ISA_USAGE = YES_ERROR;
				CLANG_WARN_DOCUMENTATION_COMMENTS = YES;
				CLANG_WARN_EMPTY_BODY = YES;
				CLANG_WARN_ENUM_CONVERSION = YES;
				CLANG_WARN_INFINITE_RECURSION = YES;
				CLANG_WARN_INT_CONVERSION = YES;
				CLANG_WARN_OBJC_ROOT_CLASS = YES_ERROR;
				CLANG_WARN_SUSPICIOUS_MOVE = YES;
				CLANG_WARN_UNREACHABLE_CODE = YES;
				CLANG_WARN__DUPLICATE_METHOD_MATCH = YES;
				"CODE_SIGN_IDENTITY[sdk=iphoneos*]" = "iPhone Developer";
				COPY_PHASE_STRIP = NO;
				DEBUG_INFORMATION_FORMAT = "dwarf-with-dsym";
				ENABLE_NS_ASSERTIONS = NO;
				ENABLE_STRICT_OBJC_MSGSEND = YES;
				GCC_C_LANGUAGE_STANDARD = gnu99;
				GCC_NO_COMMON_BLOCKS = YES;
				GCC_WARN_64_TO_32_BIT_CONVERSION = YES;
				GCC_WARN_ABOUT_RETURN_TYPE = YES_ERROR;
				GCC_WARN_UNDECLARED_SELECTOR = YES;
				GCC_WARN_UNINITIALIZED_AUTOS = YES_AGGRESSIVE;
				GCC_WARN_UNUSED_FUNCTION = YES;
				GCC_WARN_UNUSED_VARIABLE = YES;
				IPHONEOS_DEPLOYMENT_TARGET = 10.3;
				MTL_ENABLE_DEBUG_INFO = NO;
				SDKROOT = iphoneos;
				SWIFT_OPTIMIZATION_LEVEL = "-Owholemodule";
				TARGETED_DEVICE_FAMILY = "1,2";
				VALIDATE_PRODUCT = YES;
			};
			name = Release;
		};
		1A34C3FC1ED8118C002EA9E2 /* Debug */ = {
			isa = XCBuildConfiguration;
			baseConfigurationReference = FC0144FE5B83DF5DCDA507AD /* Pods-Music player Ljm.debug.xcconfig */;
			buildSettings = {
				ASSETCATALOG_COMPILER_APPICON_NAME = AppIcon;
				DEVELOPMENT_TEAM = 2PC8J9MPF4;
				INFOPLIST_FILE = "Music player Ljm/Info.plist";
				LD_RUNPATH_SEARCH_PATHS = "$(inherited) @executable_path/Frameworks";
				PRODUCT_BUNDLE_IDENTIFIER = "com.ljm.Music-player-Ljm";
				PRODUCT_NAME = "$(TARGET_NAME)";
				SWIFT_VERSION = 3.0;
			};
			name = Debug;
		};
		1A34C3FD1ED8118C002EA9E2 /* Release */ = {
			isa = XCBuildConfiguration;
			baseConfigurationReference = 5BC4A63164126B8128652177 /* Pods-Music player Ljm.release.xcconfig */;
			buildSettings = {
				ASSETCATALOG_COMPILER_APPICON_NAME = AppIcon;
				DEVELOPMENT_TEAM = 2PC8J9MPF4;
				INFOPLIST_FILE = "Music player Ljm/Info.plist";
				LD_RUNPATH_SEARCH_PATHS = "$(inherited) @executable_path/Frameworks";
				PRODUCT_BUNDLE_IDENTIFIER = "com.ljm.Music-player-Ljm";
				PRODUCT_NAME = "$(TARGET_NAME)";
				SWIFT_VERSION = 3.0;
			};
			name = Release;
		};
/* End XCBuildConfiguration section */

/* Begin XCConfigurationList section */
		1A34C3E41ED8118C002EA9E2 /* Build configuration list for PBXProject "Music player Ljm" */ = {
			isa = XCConfigurationList;
			buildConfigurations = (
				1A34C3F91ED8118C002EA9E2 /* Debug */,
				1A34C3FA1ED8118C002EA9E2 /* Release */,
			);
			defaultConfigurationIsVisible = 0;
			defaultConfigurationName = Release;
		};
		1A34C3FB1ED8118C002EA9E2 /* Build configuration list for PBXNativeTarget "Music player Ljm" */ = {
			isa = XCConfigurationList;
			buildConfigurations = (
				1A34C3FC1ED8118C002EA9E2 /* Debug */,
				1A34C3FD1ED8118C002EA9E2 /* Release */,
			);
			defaultConfigurationIsVisible = 0;
			defaultConfigurationName = Release;
		};
/* End XCConfigurationList section */
	};
	rootObject = 1A34C3E11ED8118C002EA9E2 /* Project object */;
}
